
Microsoft Visual Studio Solution File, Format Version 12.00
# Visual Studio Version 17
VisualStudioVersion = 17.5.33530.505
MinimumVisualStudioVersion = 10.0.40219.1
Project("{FAE04EC0-301F-11D3-BF4B-00C04F79EFBC}") = "CodeWars.Core", "CodeWars\CodeWars.Core.csproj", "{4D424110-7F1C-49BC-A3EC-B3B59396A19B}"
EndProject
Project("{FAE04EC0-301F-11D3-BF4B-00C04F79EFBC}") = "CodeWars.UnitTests", "CodeWars.UnitTests\CodeWars.UnitTests.csproj", "{A4F9FA80-75AC-4E31-8779-C3BECF33B020}"
EndProject
Global
	GlobalSection(SolutionConfigurationPlatforms) = preSolution
		Debug|Any CPU = Debug|Any CPU
		Release|Any CPU = Release|Any CPU
	EndGlobalSection
	GlobalSection(ProjectConfigurationPlatforms) = postSolution
		{4D424110-7F1C-49BC-A3EC-B3B59396A19B}.Debug|Any CPU.ActiveCfg = Debug|Any CPU
		{4D424110-7F1C-49BC-A3EC-B3B59396A19B}.Debug|Any CPU.Build.0 = Debug|Any CPU
		{4D424110-7F1C-49BC-A3EC-B3B59396A19B}.Release|Any CPU.ActiveCfg = Release|Any CPU
		{4D424110-7F1C-49BC-A3EC-B3B59396A19B}.Release|Any CPU.Build.0 = Release|Any CPU
		{A4F9FA80-75AC-4E31-8779-C3BECF33B020}.Debug|Any CPU.ActiveCfg = Debug|Any CPU
		{A4F9FA80-75AC-4E31-8779-C3BECF33B020}.Debug|Any CPU.Build.0 = Debug|Any CPU
		{A4F9FA80-75AC-4E31-8779-C3BECF33B020}.Release|Any CPU.ActiveCfg = Release|Any CPU
		{A4F9FA80-75AC-4E31-8779-C3BECF33B020}.Release|Any CPU.Build.0 = Release|Any CPU
	EndGlobalSection
	GlobalSection(SolutionProperties) = preSolution
		HideSolutionNode = FALSE
	EndGlobalSection
	GlobalSection(ExtensibilityGlobals) = postSolution
		SolutionGuid = {04A31678-99E9-404A-975B-C61D5480F7B0}
	EndGlobalSection
EndGlobal
